
Microsoft Visual Studio Solution File, Format Version 12.00
# Visual Studio 15
VisualStudioVersion = 15.0.28307.329
MinimumVisualStudioVersion = 10.0.40219.1
Project("{FAE04EC0-301F-11D3-BF4B-00C04F79EFBC}") = "Console.Coding.Demo", "Console.Coding.Demo\Console.Coding.Demo.csproj", "{3E28085D-4EC3-432D-AE22-64A68A2AA6F6}"
EndProject
Global
	GlobalSection(SolutionConfigurationPlatforms) = preSolution
		Debug|Any CPU = Debug|Any CPU
		Release|Any CPU = Release|Any CPU
	EndGlobalSection
	GlobalSection(ProjectConfigurationPlatforms) = postSolution
		{3E28085D-4EC3-432D-AE22-64A68A2AA6F6}.Debug|Any CPU.ActiveCfg = Debug|Any CPU
		{3E28085D-4EC3-432D-AE22-64A68A2AA6F6}.Debug|Any CPU.Build.0 = Debug|Any CPU
		{3E28085D-4EC3-432D-AE22-64A68A2AA6F6}.Release|Any CPU.ActiveCfg = Release|Any CPU
		{3E28085D-4EC3-432D-AE22-64A68A2AA6F6}.Release|Any CPU.Build.0 = Release|Any CPU
	EndGlobalSection
	GlobalSection(SolutionProperties) = preSolution
		HideSolutionNode = FALSE
	EndGlobalSection
	GlobalSection(ExtensibilityGlobals) = postSolution
		SolutionGuid = {9F22668D-B1D6-416E-BE27-582107172674}
	EndGlobalSection
EndGlobal
