
Microsoft Visual Studio Solution File, Format Version 12.00
# Visual Studio Version 16
VisualStudioVersion = 16.0.30907.101
MinimumVisualStudioVersion = 10.0.40219.1
Project("{FAE04EC0-301F-11D3-BF4B-00C04F79EFBC}") = "Console.Coding.Demo", "Console.Coding.Demo\Console.Coding.Demo.csproj", "{3E28085D-4EC3-432D-AE22-64A68A2AA6F6}"
EndProject
Project("{FAE04EC0-301F-11D3-BF4B-00C04F79EFBC}") = "DXWeb.RefactorDemo", "DXWeb.RefactorDemo\DXWeb.RefactorDemo.csproj", "{F250E321-EE87-46B4-AB46-E9224C1C3865}"
EndProject
Project("{2150E333-8FDC-42A3-9474-1A3956D46DE8}") = "DevExtreme NuGet.config", "DevExtreme NuGet.config", "{11B0FE51-6075-43C1-AA8E-CF4D13387821}"
	ProjectSection(SolutionItems) = preProject
		NuGet.config = NuGet.config
	EndProjectSection
EndProject
Global
	GlobalSection(SolutionConfigurationPlatforms) = preSolution
		Debug|Any CPU = Debug|Any CPU
		Release|Any CPU = Release|Any CPU
	EndGlobalSection
	GlobalSection(ProjectConfigurationPlatforms) = postSolution
		{3E28085D-4EC3-432D-AE22-64A68A2AA6F6}.Debug|Any CPU.ActiveCfg = Debug|Any CPU
		{3E28085D-4EC3-432D-AE22-64A68A2AA6F6}.Debug|Any CPU.Build.0 = Debug|Any CPU
		{3E28085D-4EC3-432D-AE22-64A68A2AA6F6}.Release|Any CPU.ActiveCfg = Release|Any CPU
		{3E28085D-4EC3-432D-AE22-64A68A2AA6F6}.Release|Any CPU.Build.0 = Release|Any CPU
		{F250E321-EE87-46B4-AB46-E9224C1C3865}.Debug|Any CPU.ActiveCfg = Debug|Any CPU
		{F250E321-EE87-46B4-AB46-E9224C1C3865}.Debug|Any CPU.Build.0 = Debug|Any CPU
		{F250E321-EE87-46B4-AB46-E9224C1C3865}.Release|Any CPU.ActiveCfg = Release|Any CPU
		{F250E321-EE87-46B4-AB46-E9224C1C3865}.Release|Any CPU.Build.0 = Release|Any CPU
	EndGlobalSection
	GlobalSection(SolutionProperties) = preSolution
		HideSolutionNode = FALSE
	EndGlobalSection
	GlobalSection(ExtensibilityGlobals) = postSolution
		SolutionGuid = {9F22668D-B1D6-416E-BE27-582107172674}
	EndGlobalSection
EndGlobal
